
Microsoft Visual Studio Solution File, Format Version 12.00
# Visual Studio Version 16
VisualStudioVersion = 16.0.31313.79
MinimumVisualStudioVersion = 10.0.40219.1
Project("{9A19103F-16F7-4668-BE54-9A1E7A4F7556}") = "CalculatorApp", "CalculatorApp\CalculatorApp.csproj", "{23D5714C-58EF-48F2-8DC1-A6A9DA7E4229}"
EndProject
Project("{FAE04EC0-301F-11D3-BF4B-00C04F79EFBC}") = "CalcTest", "CalcTest\CalcTest.csproj", "{9A9D24FB-F32D-43C6-BD67-A9CF8C9DECBD}"
EndProject
Global
	GlobalSection(SolutionConfigurationPlatforms) = preSolution
		Debug|Any CPU = Debug|Any CPU
		Release|Any CPU = Release|Any CPU
	EndGlobalSection
	GlobalSection(ProjectConfigurationPlatforms) = postSolution
		{23D5714C-58EF-48F2-8DC1-A6A9DA7E4229}.Debug|Any CPU.ActiveCfg = Debug|Any CPU
		{23D5714C-58EF-48F2-8DC1-A6A9DA7E4229}.Debug|Any CPU.Build.0 = Debug|Any CPU
		{23D5714C-58EF-48F2-8DC1-A6A9DA7E4229}.Release|Any CPU.ActiveCfg = Release|Any CPU
		{23D5714C-58EF-48F2-8DC1-A6A9DA7E4229}.Release|Any CPU.Build.0 = Release|Any CPU
		{9A9D24FB-F32D-43C6-BD67-A9CF8C9DECBD}.Debug|Any CPU.ActiveCfg = Debug|Any CPU
		{9A9D24FB-F32D-43C6-BD67-A9CF8C9DECBD}.Debug|Any CPU.Build.0 = Debug|Any CPU
		{9A9D24FB-F32D-43C6-BD67-A9CF8C9DECBD}.Release|Any CPU.ActiveCfg = Release|Any CPU
		{9A9D24FB-F32D-43C6-BD67-A9CF8C9DECBD}.Release|Any CPU.Build.0 = Release|Any CPU
	EndGlobalSection
	GlobalSection(SolutionProperties) = preSolution
		HideSolutionNode = FALSE
	EndGlobalSection
	GlobalSection(ExtensibilityGlobals) = postSolution
		SolutionGuid = {4EACA1EA-8615-4D98-B2D6-51C8DF61F439}
	EndGlobalSection
EndGlobal
